
Microsoft Visual Studio Solution File, Format Version 12.00
# Visual Studio 15
VisualStudioVersion = 15.0.28307.421
MinimumVisualStudioVersion = 10.0.40219.1
Project("{8BC9CEB8-8B4A-11D0-8D11-00A0C91BC942}") = "SFML", "SFML\SFML.vcxproj", "{335D80B1-876B-470A-B405-3C96EB4A7273}"
EndProject
Global
	GlobalSection(SolutionConfigurationPlatforms) = preSolution
		Debug|x64 = Debug|x64
		Debug|x86 = Debug|x86
		Release|x64 = Release|x64
		Release|x86 = Release|x86
	EndGlobalSection
	GlobalSection(ProjectConfigurationPlatforms) = postSolution
		{335D80B1-876B-470A-B405-3C96EB4A7273}.Debug|x64.ActiveCfg = Debug|x64
		{335D80B1-876B-470A-B405-3C96EB4A7273}.Debug|x64.Build.0 = Debug|x64
		{335D80B1-876B-470A-B405-3C96EB4A7273}.Debug|x86.ActiveCfg = Debug|Win32
		{335D80B1-876B-470A-B405-3C96EB4A7273}.Debug|x86.Build.0 = Debug|Win32
		{335D80B1-876B-470A-B405-3C96EB4A7273}.Release|x64.ActiveCfg = Release|x64
		{335D80B1-876B-470A-B405-3C96EB4A7273}.Release|x64.Build.0 = Release|x64
		{335D80B1-876B-470A-B405-3C96EB4A7273}.Release|x86.ActiveCfg = Release|Win32
		{335D80B1-876B-470A-B405-3C96EB4A7273}.Release|x86.Build.0 = Release|Win32
	EndGlobalSection
	GlobalSection(SolutionProperties) = preSolution
		HideSolutionNode = FALSE
	EndGlobalSection
	GlobalSection(ExtensibilityGlobals) = postSolution
		SolutionGuid = {52BBE5D3-08BB-478E-A4D0-7229AA2926FF}
	EndGlobalSection
EndGlobal
