<?xml version="1.0" encoding="utf-8"?>
<Project ToolsVersion="4.0" xmlns="http://schemas.microsoft.com/developer/msbuild/2003">
  <ItemGroup>
    <Filter Include="Source Files">
      <UniqueIdentifier>{4FC737F1-C7A5-4376-A066-2A32D752A2FF}</UniqueIdentifier>
      <Extensions>cpp;c;cc;cxx;def;odl;idl;hpj;bat;asm;asmx</Extensions>
    </Filter>
    <Filter Include="Header Files">
      <UniqueIdentifier>{93995380-89BD-4b04-88EB-625FBE52EBFB}</UniqueIdentifier>
      <Extensions>h;hh;hpp;hxx;hm;inl;inc;ipp;xsd</Extensions>
    </Filter>
    <Filter Include="Resource Files">
      <UniqueIdentifier>{67DA6AB6-F800-4c08-8B7A-83BB121AAD01}</UniqueIdentifier>
      <Extensions>rc;ico;cur;bmp;dlg;rc2;rct;bin;rgs;gif;jpg;jpeg;jpe;resx;tiff;tif;png;wav;mfcribbon-ms</Extensions>
    </Filter>
    <Filter Include="Source Files\tmx">
      <UniqueIdentifier>{f1899589-f604-4b5c-a469-82e855e4e836}</UniqueIdentifier>
    </Filter>
    <Filter Include="Header Files\tmx">
      <UniqueIdentifier>{bab2c3b2-c3b1-4660-87c3-6101d610ebf7}</UniqueIdentifier>
    </Filter>
    <Filter Include="Header Files\components">
      <UniqueIdentifier>{6df20adf-4c99-4317-b8d1-02aff75cb132}</UniqueIdentifier>
    </Filter>
    <Filter Include="Header Files\caching">
      <UniqueIdentifier>{1e4c3d11-3b2c-4c76-af4a-6f29b0b39b40}</UniqueIdentifier>
    </Filter>
    <Filter Include="Header Files\systems">
      <UniqueIdentifier>{f088d12c-910b-4874-8fe2-3b5574745928}</UniqueIdentifier>
    </Filter>
    <Filter Include="Header Files\managers">
      <UniqueIdentifier>{a99d7f0c-a421-4450-8a2e-646371f2752f}</UniqueIdentifier>
    </Filter>
    <Filter Include="Source Files\systems">
      <UniqueIdentifier>{c2d5dea9-1158-4df2-9df9-f225a4ef93d4}</UniqueIdentifier>
    </Filter>
    <Filter Include="Source Files\managers">
      <UniqueIdentifier>{4312c893-c7e1-4b7f-9bf5-01a4a2fc881e}</UniqueIdentifier>
    </Filter>
    <Filter Include="Source Files\components">
      <UniqueIdentifier>{9bd2b91a-17f6-4663-9a8a-56f719afc26d}</UniqueIdentifier>
    </Filter>
    <Filter Include="Source Files\caching">
      <UniqueIdentifier>{6cd55f6f-1e0d-44f0-9339-82acd6dae9a9}</UniqueIdentifier>
    </Filter>
    <Filter Include="Header Files\enums">
      <UniqueIdentifier>{48667db6-b9e8-446a-bb98-e51fed784e1f}</UniqueIdentifier>
    </Filter>
    <Filter Include="Source Files\components\old">
      <UniqueIdentifier>{d1b6b3b2-2417-4083-96bd-328526a8cc14}</UniqueIdentifier>
    </Filter>
    <Filter Include="Header Files\components\old">
      <UniqueIdentifier>{722016d5-436b-4b6c-84e8-2a1f239d2480}</UniqueIdentifier>
    </Filter>
  </ItemGroup>
  <ItemGroup>
    <ClInclude Include="tmx\tmx_layer.hpp">
      <Filter>Header Files\tmx</Filter>
    </ClInclude>
    <ClInclude Include="tmx\tmx_object_layer.hpp">
      <Filter>Header Files\tmx</Filter>
    </ClInclude>
    <ClInclude Include="tmx\tmx_object.hpp">
      <Filter>Header Files\tmx</Filter>
    </ClInclude>
    <ClInclude Include="tmx\tmx_map.hpp">
      <Filter>Header Files\tmx</Filter>
    </ClInclude>
    <ClInclude Include="tmx\tmx_object_property.hpp">
      <Filter>Header Files\tmx</Filter>
    </ClInclude>
    <ClInclude Include="tmx\tmx_tile.hpp">
      <Filter>Header Files\tmx</Filter>
    </ClInclude>
    <ClInclude Include="tmx\tmx_parser.hpp">
      <Filter>Header Files\tmx</Filter>
    </ClInclude>
    <ClInclude Include="tmx\tmx_tile_layer.hpp">
      <Filter>Header Files\tmx</Filter>
    </ClInclude>
    <ClInclude Include="tmx\tmx_tileset.hpp">
      <Filter>Header Files\tmx</Filter>
    </ClInclude>
    <ClInclude Include="tmx\tmx_tileset_image.hpp">
      <Filter>Header Files\tmx</Filter>
    </ClInclude>
    <ClInclude Include="tmx\tmx_chunk.hpp">
      <Filter>Header Files\tmx</Filter>
    </ClInclude>
    <ClInclude Include="window.hpp">
      <Filter>Header Files</Filter>
    </ClInclude>
    <ClInclude Include="game.hpp">
      <Filter>Header Files</Filter>
    </ClInclude>
    <ClInclude Include="caching\texture_loader.hpp">
      <Filter>Header Files\caching</Filter>
    </ClInclude>
    <ClInclude Include="managers\system_manager.hpp">
      <Filter>Header Files\managers</Filter>
    </ClInclude>
    <ClInclude Include="managers\entity_manager.hpp">
      <Filter>Header Files\managers</Filter>
    </ClInclude>
    <ClInclude Include="managers\map_manager.hpp">
      <Filter>Header Files\managers</Filter>
    </ClInclude>
    <ClInclude Include="managers\texture_manager.hpp">
      <Filter>Header Files\managers</Filter>
    </ClInclude>
    <ClInclude Include="systems\animation_system.hpp">
      <Filter>Header Files\systems</Filter>
    </ClInclude>
    <ClInclude Include="enums\LOOP_ANIMATION.hpp">
      <Filter>Header Files\enums</Filter>
    </ClInclude>
    <ClInclude Include="macros.hpp">
      <Filter>Header Files</Filter>
    </ClInclude>
    <ClInclude Include="tmx\tinyxml2.hpp">
      <Filter>Header Files\tmx</Filter>
    </ClInclude>
    <ClInclude Include="components\active_animation.hpp">
      <Filter>Header Files\components\old</Filter>
    </ClInclude>
    <ClInclude Include="components\components.hpp">
      <Filter>Header Files\components\old</Filter>
    </ClInclude>
    <ClInclude Include="components\entity.hpp">
      <Filter>Header Files\components\old</Filter>
    </ClInclude>
    <ClInclude Include="components\entity_animation.hpp">
      <Filter>Header Files\components\old</Filter>
    </ClInclude>
    <ClInclude Include="components\idle_animation.hpp">
      <Filter>Header Files\components\old</Filter>
    </ClInclude>
    <ClInclude Include="components\run_animation.hpp">
      <Filter>Header Files\components\old</Filter>
    </ClInclude>
    <ClInclude Include="map.hpp">
      <Filter>Header Files</Filter>
    </ClInclude>
    <ClInclude Include="components\actor.hpp">
      <Filter>Header Files\components</Filter>
    </ClInclude>
    <ClInclude Include="components\animation.hpp">
      <Filter>Header Files\components</Filter>
    </ClInclude>
    <ClInclude Include="components\sprite.hpp">
      <Filter>Header Files\components</Filter>
    </ClInclude>
    <ClInclude Include="components\position.hpp">
      <Filter>Header Files\components</Filter>
    </ClInclude>
    <ClInclude Include="map_renderer.hpp">
      <Filter>Header Files</Filter>
    </ClInclude>
    <ClInclude Include="viewport.hpp">
      <Filter>Header Files</Filter>
    </ClInclude>
    <ClInclude Include="player_data.hpp">
      <Filter>Header Files</Filter>
    </ClInclude>
    <ClInclude Include="components\health.hpp">
      <Filter>Header Files\components</Filter>
    </ClInclude>
    <ClInclude Include="debug_overlay.hpp">
      <Filter>Header Files</Filter>
    </ClInclude>
  </ItemGroup>
  <ItemGroup>
    <ClCompile Include="tmx\tmx_layer.cpp">
      <Filter>Source Files\tmx</Filter>
    </ClCompile>
    <ClCompile Include="tmx\tmx_map.cpp">
      <Filter>Source Files\tmx</Filter>
    </ClCompile>
    <ClCompile Include="tmx\tmx_object.cpp">
      <Filter>Source Files\tmx</Filter>
    </ClCompile>
    <ClCompile Include="tmx\tmx_object_layer.cpp">
      <Filter>Source Files\tmx</Filter>
    </ClCompile>
    <ClCompile Include="tmx\tmx_object_property.cpp">
      <Filter>Source Files\tmx</Filter>
    </ClCompile>
    <ClCompile Include="tmx\tmx_parser.cpp">
      <Filter>Source Files\tmx</Filter>
    </ClCompile>
    <ClCompile Include="tmx\tmx_tile.cpp">
      <Filter>Source Files\tmx</Filter>
    </ClCompile>
    <ClCompile Include="tmx\tmx_tile_layer.cpp">
      <Filter>Source Files\tmx</Filter>
    </ClCompile>
    <ClCompile Include="tmx\tmx_tileset.cpp">
      <Filter>Source Files\tmx</Filter>
    </ClCompile>
    <ClCompile Include="tmx\tmx_tileset_image.cpp">
      <Filter>Source Files\tmx</Filter>
    </ClCompile>
    <ClCompile Include="tmx\tmx_chunk.cpp">
      <Filter>Source Files\tmx</Filter>
    </ClCompile>
    <ClCompile Include="main.cpp">
      <Filter>Source Files</Filter>
    </ClCompile>
    <ClCompile Include="window.cpp">
      <Filter>Source Files</Filter>
    </ClCompile>
    <ClCompile Include="game.cpp">
      <Filter>Source Files</Filter>
    </ClCompile>
    <ClCompile Include="managers\system_manager.cpp">
      <Filter>Source Files\managers</Filter>
    </ClCompile>
    <ClCompile Include="managers\entity_manager.cpp">
      <Filter>Source Files\managers</Filter>
    </ClCompile>
    <ClCompile Include="managers\map_manager.cpp">
      <Filter>Source Files\managers</Filter>
    </ClCompile>
    <ClCompile Include="managers\texture_manager.cpp">
      <Filter>Source Files\managers</Filter>
    </ClCompile>
    <ClCompile Include="systems\animation_system.cpp">
      <Filter>Source Files\systems</Filter>
    </ClCompile>
    <ClCompile Include="caching\texture_loader.cpp">
      <Filter>Source Files\caching</Filter>
    </ClCompile>
    <ClCompile Include="tmx\tinyxml2.cpp">
      <Filter>Source Files\tmx</Filter>
    </ClCompile>
    <ClCompile Include="components\active_animation.cpp">
      <Filter>Source Files\components\old</Filter>
    </ClCompile>
    <ClCompile Include="components\entity.cpp">
      <Filter>Source Files\components\old</Filter>
    </ClCompile>
    <ClCompile Include="components\idle_animation.cpp">
      <Filter>Source Files\components\old</Filter>
    </ClCompile>
    <ClCompile Include="components\run_animation.cpp">
      <Filter>Source Files\components\old</Filter>
    </ClCompile>
    <ClCompile Include="components\entity_animation.cpp">
      <Filter>Source Files\components\old</Filter>
    </ClCompile>
    <ClCompile Include="map.cpp">
      <Filter>Source Files</Filter>
    </ClCompile>
    <ClCompile Include="components\actor.cpp">
      <Filter>Source Files\components</Filter>
    </ClCompile>
    <ClCompile Include="components\sprite.cpp">
      <Filter>Source Files\components</Filter>
    </ClCompile>
    <ClCompile Include="components\position.cpp">
      <Filter>Source Files\components</Filter>
    </ClCompile>
    <ClCompile Include="components\animation.cpp">
      <Filter>Source Files\components</Filter>
    </ClCompile>
    <ClCompile Include="map_renderer.cpp">
      <Filter>Source Files</Filter>
    </ClCompile>
    <ClCompile Include="viewport.cpp">
      <Filter>Source Files</Filter>
    </ClCompile>
    <ClCompile Include="components\health.cpp">
      <Filter>Source Files\components</Filter>
    </ClCompile>
    <ClCompile Include="debug_overlay.cpp">
      <Filter>Source Files</Filter>
    </ClCompile>
  </ItemGroup>
</Project>