<?xml version="1.0" encoding="utf-8"?>
<Project ToolsVersion="4.0" xmlns="http://schemas.microsoft.com/developer/msbuild/2003">
  <ItemGroup>
    <Filter Include="Source">
      <UniqueIdentifier>{4FC737F1-C7A5-4376-A066-2A32D752A2FF}</UniqueIdentifier>
      <Extensions>cpp;c;cc;cxx;def;odl;idl;hpj;bat;asm;asmx</Extensions>
    </Filter>
    <Filter Include="Headers">
      <UniqueIdentifier>{93995380-89BD-4b04-88EB-625FBE52EBFB}</UniqueIdentifier>
      <Extensions>h;hh;hpp;hxx;hm;inl;inc;ipp;xsd</Extensions>
    </Filter>
    <Filter Include="Headers\core">
      <UniqueIdentifier>{499d41e5-7989-4365-8416-cbaf244fe3ba}</UniqueIdentifier>
    </Filter>
    <Filter Include="Source\core">
      <UniqueIdentifier>{05f8ac52-3f3c-491e-953d-c4dca0575f5b}</UniqueIdentifier>
    </Filter>
    <Filter Include="Source\states">
      <UniqueIdentifier>{98807b3c-9e89-49e5-b1c9-c56ae9294d58}</UniqueIdentifier>
    </Filter>
    <Filter Include="Headers\states">
      <UniqueIdentifier>{d210ea10-443a-4bf5-961a-e994ac10c94d}</UniqueIdentifier>
    </Filter>
    <Filter Include="Source\drawables">
      <UniqueIdentifier>{025807b5-5779-44ed-b161-902014e0a1df}</UniqueIdentifier>
    </Filter>
    <Filter Include="Headers\drawables">
      <UniqueIdentifier>{11e455d0-9f5b-4909-a4f9-db854725f0d1}</UniqueIdentifier>
    </Filter>
    <Filter Include="Headers\map">
      <UniqueIdentifier>{f230ac5d-a4db-4a92-bcad-b9cc71e41be4}</UniqueIdentifier>
    </Filter>
    <Filter Include="Source\map">
      <UniqueIdentifier>{eaeca580-2429-4f31-9279-a9d066e56310}</UniqueIdentifier>
    </Filter>
    <Filter Include="Assets">
      <UniqueIdentifier>{6c0a806d-8a6e-4820-a410-a351632cbf64}</UniqueIdentifier>
    </Filter>
    <Filter Include="Assets\Tilesets">
      <UniqueIdentifier>{2b650235-c824-4fe6-b6a9-bfdab049647c}</UniqueIdentifier>
    </Filter>
    <Filter Include="Source\ui">
      <UniqueIdentifier>{5f8f6152-9bf7-45fb-9dc7-80cbc488066d}</UniqueIdentifier>
    </Filter>
    <Filter Include="Source\ui\imgui">
      <UniqueIdentifier>{cdd0f237-31a9-43ce-b057-f99912f3fe56}</UniqueIdentifier>
    </Filter>
    <Filter Include="Headers\ui">
      <UniqueIdentifier>{b837f87f-2dca-43be-849c-3427325c704b}</UniqueIdentifier>
    </Filter>
    <Filter Include="External">
      <UniqueIdentifier>{67DA6AB6-F800-4c08-8B7A-83BB121AAD01}</UniqueIdentifier>
      <Extensions>rc;ico;cur;bmp;dlg;rc2;rct;bin;rgs;gif;jpg;jpeg;jpe;resx;tiff;tif;png;wav;mfcribbon-ms</Extensions>
    </Filter>
    <Filter Include="External\SFML-2.5.1">
      <UniqueIdentifier>{8eba572e-c35d-4072-a219-fda02459dff3}</UniqueIdentifier>
    </Filter>
    <Filter Include="External\SFML-2.5.1\x64">
      <UniqueIdentifier>{8e1242b0-f119-4a1f-8b19-d8f1aa2c4192}</UniqueIdentifier>
    </Filter>
    <Filter Include="External\SFML-2.5.1\x64\lib">
      <UniqueIdentifier>{357368c3-ef50-4f07-b8af-ee1d63ba133b}</UniqueIdentifier>
    </Filter>
    <Filter Include="External\SFML-2.5.1\x64\include">
      <UniqueIdentifier>{e5415dcb-fac3-4829-be87-8d72c402001e}</UniqueIdentifier>
    </Filter>
    <Filter Include="External\SFML-2.5.1\x86">
      <UniqueIdentifier>{9017790a-803c-45a2-bb34-5af26ab52185}</UniqueIdentifier>
    </Filter>
    <Filter Include="External\SFML-2.5.1\x86\lib">
      <UniqueIdentifier>{f7b6d093-73f1-43be-b141-e210cd0fac1f}</UniqueIdentifier>
    </Filter>
    <Filter Include="External\SFML-2.5.1\x86\include">
      <UniqueIdentifier>{8e1d0d75-f6d3-4164-b201-ae3ff5cc2b2d}</UniqueIdentifier>
    </Filter>
    <Filter Include="Headers\helpers">
      <UniqueIdentifier>{b6285f34-81d7-474d-a72a-3b3f4482739e}</UniqueIdentifier>
    </Filter>
  </ItemGroup>
  <ItemGroup>
    <ClCompile Include="main.cpp">
      <Filter>Source</Filter>
    </ClCompile>
    <ClCompile Include="core\Game.cpp">
      <Filter>Source\core</Filter>
    </ClCompile>
    <ClCompile Include="core\Window.cpp">
      <Filter>Source\core</Filter>
    </ClCompile>
    <ClCompile Include="states\LevelEditorGameState.cpp">
      <Filter>Source\states</Filter>
    </ClCompile>
    <ClCompile Include="drawables\Grid.cpp">
      <Filter>Source\drawables</Filter>
    </ClCompile>
    <ClCompile Include="map\MapEditor.cpp">
      <Filter>Source\map</Filter>
    </ClCompile>
    <ClCompile Include="map\Map.cpp">
      <Filter>Source\map</Filter>
    </ClCompile>
    <ClCompile Include="map\TileSet.cpp">
      <Filter>Source\map</Filter>
    </ClCompile>
    <ClCompile Include="external\imgui\src\imgui.cpp">
      <Filter>Source\ui\imgui</Filter>
    </ClCompile>
    <ClCompile Include="external\imgui\src\imgui_draw.cpp">
      <Filter>Source\ui\imgui</Filter>
    </ClCompile>
    <ClCompile Include="external\imgui\src\imgui-SFML.cpp">
      <Filter>Source\ui\imgui</Filter>
    </ClCompile>
    <ClCompile Include="external\imgui\src\imgui_demo.cpp">
      <Filter>Source\ui\imgui</Filter>
    </ClCompile>
    <ClCompile Include="external\imgui\src\imgui_widgets.cpp">
      <Filter>Source\ui\imgui</Filter>
    </ClCompile>
    <ClCompile Include="ui\MapEditorUI.cpp">
      <Filter>Source\ui</Filter>
    </ClCompile>
    <ClCompile Include="external\imgui\src\imgui_stdlib.cpp">
      <Filter>Source\ui\imgui</Filter>
    </ClCompile>
    <ClCompile Include="map\Sprite.cpp">
      <Filter>Source\map</Filter>
    </ClCompile>
    <ClCompile Include="map\Tile.cpp">
      <Filter>Source\map</Filter>
    </ClCompile>
  </ItemGroup>
  <ItemGroup>
    <Text Include="conventions.txt" />
  </ItemGroup>
  <ItemGroup>
    <ClInclude Include="core\Game.hpp">
      <Filter>Headers\core</Filter>
    </ClInclude>
    <ClInclude Include="core\Window.hpp">
      <Filter>Headers\core</Filter>
    </ClInclude>
    <ClInclude Include="states\GameState.hpp">
      <Filter>Headers\states</Filter>
    </ClInclude>
    <ClInclude Include="states\LevelEditorGameState.hpp">
      <Filter>Headers\states</Filter>
    </ClInclude>
    <ClInclude Include="drawables\Grid.hpp">
      <Filter>Headers\drawables</Filter>
    </ClInclude>
    <ClInclude Include="map\MapEditor.hpp">
      <Filter>Headers\map</Filter>
    </ClInclude>
    <ClInclude Include="map\Map.hpp">
      <Filter>Headers\map</Filter>
    </ClInclude>
    <ClInclude Include="map\TileSet.hpp">
      <Filter>Headers\map</Filter>
    </ClInclude>
    <ClInclude Include="ui\MapEditorUI.hpp">
      <Filter>Headers\ui</Filter>
    </ClInclude>
    <ClInclude Include="external\SFML-2.5.1\x86\include\SFML\Window\Clipboard.hpp">
      <Filter>External\SFML-2.5.1\x86\include</Filter>
    </ClInclude>
    <ClInclude Include="external\SFML-2.5.1\x86\include\SFML\Window\Context.hpp">
      <Filter>External\SFML-2.5.1\x86\include</Filter>
    </ClInclude>
    <ClInclude Include="external\SFML-2.5.1\x86\include\SFML\Window\ContextSettings.hpp">
      <Filter>External\SFML-2.5.1\x86\include</Filter>
    </ClInclude>
    <ClInclude Include="external\SFML-2.5.1\x86\include\SFML\Window\Cursor.hpp">
      <Filter>External\SFML-2.5.1\x86\include</Filter>
    </ClInclude>
    <ClInclude Include="external\SFML-2.5.1\x86\include\SFML\Window\Event.hpp">
      <Filter>External\SFML-2.5.1\x86\include</Filter>
    </ClInclude>
    <ClInclude Include="external\SFML-2.5.1\x86\include\SFML\Window\Export.hpp">
      <Filter>External\SFML-2.5.1\x86\include</Filter>
    </ClInclude>
    <ClInclude Include="external\SFML-2.5.1\x86\include\SFML\Window\GlResource.hpp">
      <Filter>External\SFML-2.5.1\x86\include</Filter>
    </ClInclude>
    <ClInclude Include="external\SFML-2.5.1\x86\include\SFML\Window\Joystick.hpp">
      <Filter>External\SFML-2.5.1\x86\include</Filter>
    </ClInclude>
    <ClInclude Include="external\SFML-2.5.1\x86\include\SFML\Window\Keyboard.hpp">
      <Filter>External\SFML-2.5.1\x86\include</Filter>
    </ClInclude>
    <ClInclude Include="external\SFML-2.5.1\x86\include\SFML\Window\Mouse.hpp">
      <Filter>External\SFML-2.5.1\x86\include</Filter>
    </ClInclude>
    <ClInclude Include="external\SFML-2.5.1\x86\include\SFML\Window\Sensor.hpp">
      <Filter>External\SFML-2.5.1\x86\include</Filter>
    </ClInclude>
    <ClInclude Include="external\SFML-2.5.1\x86\include\SFML\Window\Touch.hpp">
      <Filter>External\SFML-2.5.1\x86\include</Filter>
    </ClInclude>
    <ClInclude Include="external\SFML-2.5.1\x86\include\SFML\Window\VideoMode.hpp">
      <Filter>External\SFML-2.5.1\x86\include</Filter>
    </ClInclude>
    <ClInclude Include="external\SFML-2.5.1\x86\include\SFML\Window\Window.hpp">
      <Filter>External\SFML-2.5.1\x86\include</Filter>
    </ClInclude>
    <ClInclude Include="external\SFML-2.5.1\x86\include\SFML\Window\WindowHandle.hpp">
      <Filter>External\SFML-2.5.1\x86\include</Filter>
    </ClInclude>
    <ClInclude Include="external\SFML-2.5.1\x86\include\SFML\Window\WindowStyle.hpp">
      <Filter>External\SFML-2.5.1\x86\include</Filter>
    </ClInclude>
    <ClInclude Include="external\SFML-2.5.1\x86\include\SFML\Audio.hpp">
      <Filter>External\SFML-2.5.1\x86\include</Filter>
    </ClInclude>
    <ClInclude Include="external\SFML-2.5.1\x86\include\SFML\Config.hpp">
      <Filter>External\SFML-2.5.1\x86\include</Filter>
    </ClInclude>
    <ClInclude Include="external\SFML-2.5.1\x86\include\SFML\GpuPreference.hpp">
      <Filter>External\SFML-2.5.1\x86\include</Filter>
    </ClInclude>
    <ClInclude Include="external\SFML-2.5.1\x86\include\SFML\Graphics.hpp">
      <Filter>External\SFML-2.5.1\x86\include</Filter>
    </ClInclude>
    <ClInclude Include="external\SFML-2.5.1\x86\include\SFML\Main.hpp">
      <Filter>External\SFML-2.5.1\x86\include</Filter>
    </ClInclude>
    <ClInclude Include="external\SFML-2.5.1\x86\include\SFML\Network.hpp">
      <Filter>External\SFML-2.5.1\x86\include</Filter>
    </ClInclude>
    <ClInclude Include="external\SFML-2.5.1\x86\include\SFML\OpenGL.hpp">
      <Filter>External\SFML-2.5.1\x86\include</Filter>
    </ClInclude>
    <ClInclude Include="external\SFML-2.5.1\x86\include\SFML\System.hpp">
      <Filter>External\SFML-2.5.1\x86\include</Filter>
    </ClInclude>
    <ClInclude Include="external\SFML-2.5.1\x86\include\SFML\Window.hpp">
      <Filter>External\SFML-2.5.1\x86\include</Filter>
    </ClInclude>
    <ClInclude Include="external\SFML-2.5.1\x86\include\SFML\Audio\AlResource.hpp">
      <Filter>External\SFML-2.5.1\x86\include</Filter>
    </ClInclude>
    <ClInclude Include="external\SFML-2.5.1\x86\include\SFML\Audio\Export.hpp">
      <Filter>External\SFML-2.5.1\x86\include</Filter>
    </ClInclude>
    <ClInclude Include="external\SFML-2.5.1\x86\include\SFML\Audio\InputSoundFile.hpp">
      <Filter>External\SFML-2.5.1\x86\include</Filter>
    </ClInclude>
    <ClInclude Include="external\SFML-2.5.1\x86\include\SFML\Audio\Listener.hpp">
      <Filter>External\SFML-2.5.1\x86\include</Filter>
    </ClInclude>
    <ClInclude Include="external\SFML-2.5.1\x86\include\SFML\Audio\Music.hpp">
      <Filter>External\SFML-2.5.1\x86\include</Filter>
    </ClInclude>
    <ClInclude Include="external\SFML-2.5.1\x86\include\SFML\Audio\OutputSoundFile.hpp">
      <Filter>External\SFML-2.5.1\x86\include</Filter>
    </ClInclude>
    <ClInclude Include="external\SFML-2.5.1\x86\include\SFML\Audio\Sound.hpp">
      <Filter>External\SFML-2.5.1\x86\include</Filter>
    </ClInclude>
    <ClInclude Include="external\SFML-2.5.1\x86\include\SFML\Audio\SoundBuffer.hpp">
      <Filter>External\SFML-2.5.1\x86\include</Filter>
    </ClInclude>
    <ClInclude Include="external\SFML-2.5.1\x86\include\SFML\Audio\SoundBufferRecorder.hpp">
      <Filter>External\SFML-2.5.1\x86\include</Filter>
    </ClInclude>
    <ClInclude Include="external\SFML-2.5.1\x86\include\SFML\Audio\SoundFileFactory.hpp">
      <Filter>External\SFML-2.5.1\x86\include</Filter>
    </ClInclude>
    <ClInclude Include="external\SFML-2.5.1\x86\include\SFML\Audio\SoundFileReader.hpp">
      <Filter>External\SFML-2.5.1\x86\include</Filter>
    </ClInclude>
    <ClInclude Include="external\SFML-2.5.1\x86\include\SFML\Audio\SoundFileWriter.hpp">
      <Filter>External\SFML-2.5.1\x86\include</Filter>
    </ClInclude>
    <ClInclude Include="external\SFML-2.5.1\x86\include\SFML\Audio\SoundRecorder.hpp">
      <Filter>External\SFML-2.5.1\x86\include</Filter>
    </ClInclude>
    <ClInclude Include="external\SFML-2.5.1\x86\include\SFML\Audio\SoundSource.hpp">
      <Filter>External\SFML-2.5.1\x86\include</Filter>
    </ClInclude>
    <ClInclude Include="external\SFML-2.5.1\x86\include\SFML\Audio\SoundStream.hpp">
      <Filter>External\SFML-2.5.1\x86\include</Filter>
    </ClInclude>
    <ClInclude Include="external\SFML-2.5.1\x86\include\SFML\Graphics\BlendMode.hpp">
      <Filter>External\SFML-2.5.1\x86\include</Filter>
    </ClInclude>
    <ClInclude Include="external\SFML-2.5.1\x86\include\SFML\Graphics\CircleShape.hpp">
      <Filter>External\SFML-2.5.1\x86\include</Filter>
    </ClInclude>
    <ClInclude Include="external\SFML-2.5.1\x86\include\SFML\Graphics\Color.hpp">
      <Filter>External\SFML-2.5.1\x86\include</Filter>
    </ClInclude>
    <ClInclude Include="external\SFML-2.5.1\x86\include\SFML\Graphics\ConvexShape.hpp">
      <Filter>External\SFML-2.5.1\x86\include</Filter>
    </ClInclude>
    <ClInclude Include="external\SFML-2.5.1\x86\include\SFML\Graphics\Drawable.hpp">
      <Filter>External\SFML-2.5.1\x86\include</Filter>
    </ClInclude>
    <ClInclude Include="external\SFML-2.5.1\x86\include\SFML\Graphics\Export.hpp">
      <Filter>External\SFML-2.5.1\x86\include</Filter>
    </ClInclude>
    <ClInclude Include="external\SFML-2.5.1\x86\include\SFML\Graphics\Font.hpp">
      <Filter>External\SFML-2.5.1\x86\include</Filter>
    </ClInclude>
    <ClInclude Include="external\SFML-2.5.1\x86\include\SFML\Graphics\Glsl.hpp">
      <Filter>External\SFML-2.5.1\x86\include</Filter>
    </ClInclude>
    <ClInclude Include="external\SFML-2.5.1\x86\include\SFML\Graphics\Glyph.hpp">
      <Filter>External\SFML-2.5.1\x86\include</Filter>
    </ClInclude>
    <ClInclude Include="external\SFML-2.5.1\x86\include\SFML\Graphics\Image.hpp">
      <Filter>External\SFML-2.5.1\x86\include</Filter>
    </ClInclude>
    <ClInclude Include="external\SFML-2.5.1\x86\include\SFML\Graphics\PrimitiveType.hpp">
      <Filter>External\SFML-2.5.1\x86\include</Filter>
    </ClInclude>
    <ClInclude Include="external\SFML-2.5.1\x86\include\SFML\Graphics\Rect.hpp">
      <Filter>External\SFML-2.5.1\x86\include</Filter>
    </ClInclude>
    <ClInclude Include="external\SFML-2.5.1\x86\include\SFML\Graphics\RectangleShape.hpp">
      <Filter>External\SFML-2.5.1\x86\include</Filter>
    </ClInclude>
    <ClInclude Include="external\SFML-2.5.1\x86\include\SFML\Graphics\RenderStates.hpp">
      <Filter>External\SFML-2.5.1\x86\include</Filter>
    </ClInclude>
    <ClInclude Include="external\SFML-2.5.1\x86\include\SFML\Graphics\RenderTarget.hpp">
      <Filter>External\SFML-2.5.1\x86\include</Filter>
    </ClInclude>
    <ClInclude Include="external\SFML-2.5.1\x86\include\SFML\Graphics\RenderTexture.hpp">
      <Filter>External\SFML-2.5.1\x86\include</Filter>
    </ClInclude>
    <ClInclude Include="external\SFML-2.5.1\x86\include\SFML\Graphics\RenderWindow.hpp">
      <Filter>External\SFML-2.5.1\x86\include</Filter>
    </ClInclude>
    <ClInclude Include="external\SFML-2.5.1\x86\include\SFML\Graphics\Shader.hpp">
      <Filter>External\SFML-2.5.1\x86\include</Filter>
    </ClInclude>
    <ClInclude Include="external\SFML-2.5.1\x86\include\SFML\Graphics\Shape.hpp">
      <Filter>External\SFML-2.5.1\x86\include</Filter>
    </ClInclude>
    <ClInclude Include="external\SFML-2.5.1\x86\include\SFML\Graphics\Sprite.hpp">
      <Filter>External\SFML-2.5.1\x86\include</Filter>
    </ClInclude>
    <ClInclude Include="external\SFML-2.5.1\x86\include\SFML\Graphics\Text.hpp">
      <Filter>External\SFML-2.5.1\x86\include</Filter>
    </ClInclude>
    <ClInclude Include="external\SFML-2.5.1\x86\include\SFML\Graphics\Texture.hpp">
      <Filter>External\SFML-2.5.1\x86\include</Filter>
    </ClInclude>
    <ClInclude Include="external\SFML-2.5.1\x86\include\SFML\Graphics\Transform.hpp">
      <Filter>External\SFML-2.5.1\x86\include</Filter>
    </ClInclude>
    <ClInclude Include="external\SFML-2.5.1\x86\include\SFML\Graphics\Transformable.hpp">
      <Filter>External\SFML-2.5.1\x86\include</Filter>
    </ClInclude>
    <ClInclude Include="external\SFML-2.5.1\x86\include\SFML\Graphics\Vertex.hpp">
      <Filter>External\SFML-2.5.1\x86\include</Filter>
    </ClInclude>
    <ClInclude Include="external\SFML-2.5.1\x86\include\SFML\Graphics\VertexArray.hpp">
      <Filter>External\SFML-2.5.1\x86\include</Filter>
    </ClInclude>
    <ClInclude Include="external\SFML-2.5.1\x86\include\SFML\Graphics\VertexBuffer.hpp">
      <Filter>External\SFML-2.5.1\x86\include</Filter>
    </ClInclude>
    <ClInclude Include="external\SFML-2.5.1\x86\include\SFML\Graphics\View.hpp">
      <Filter>External\SFML-2.5.1\x86\include</Filter>
    </ClInclude>
    <ClInclude Include="external\SFML-2.5.1\x86\include\SFML\Network\Export.hpp">
      <Filter>External\SFML-2.5.1\x86\include</Filter>
    </ClInclude>
    <ClInclude Include="external\SFML-2.5.1\x86\include\SFML\Network\Ftp.hpp">
      <Filter>External\SFML-2.5.1\x86\include</Filter>
    </ClInclude>
    <ClInclude Include="external\SFML-2.5.1\x86\include\SFML\Network\Http.hpp">
      <Filter>External\SFML-2.5.1\x86\include</Filter>
    </ClInclude>
    <ClInclude Include="external\SFML-2.5.1\x86\include\SFML\Network\IpAddress.hpp">
      <Filter>External\SFML-2.5.1\x86\include</Filter>
    </ClInclude>
    <ClInclude Include="external\SFML-2.5.1\x86\include\SFML\Network\Packet.hpp">
      <Filter>External\SFML-2.5.1\x86\include</Filter>
    </ClInclude>
    <ClInclude Include="external\SFML-2.5.1\x86\include\SFML\Network\Socket.hpp">
      <Filter>External\SFML-2.5.1\x86\include</Filter>
    </ClInclude>
    <ClInclude Include="external\SFML-2.5.1\x86\include\SFML\Network\SocketHandle.hpp">
      <Filter>External\SFML-2.5.1\x86\include</Filter>
    </ClInclude>
    <ClInclude Include="external\SFML-2.5.1\x86\include\SFML\Network\SocketSelector.hpp">
      <Filter>External\SFML-2.5.1\x86\include</Filter>
    </ClInclude>
    <ClInclude Include="external\SFML-2.5.1\x86\include\SFML\Network\TcpListener.hpp">
      <Filter>External\SFML-2.5.1\x86\include</Filter>
    </ClInclude>
    <ClInclude Include="external\SFML-2.5.1\x86\include\SFML\Network\TcpSocket.hpp">
      <Filter>External\SFML-2.5.1\x86\include</Filter>
    </ClInclude>
    <ClInclude Include="external\SFML-2.5.1\x86\include\SFML\Network\UdpSocket.hpp">
      <Filter>External\SFML-2.5.1\x86\include</Filter>
    </ClInclude>
    <ClInclude Include="external\SFML-2.5.1\x86\include\SFML\System\Clock.hpp">
      <Filter>External\SFML-2.5.1\x86\include</Filter>
    </ClInclude>
    <ClInclude Include="external\SFML-2.5.1\x86\include\SFML\System\Err.hpp">
      <Filter>External\SFML-2.5.1\x86\include</Filter>
    </ClInclude>
    <ClInclude Include="external\SFML-2.5.1\x86\include\SFML\System\Export.hpp">
      <Filter>External\SFML-2.5.1\x86\include</Filter>
    </ClInclude>
    <ClInclude Include="external\SFML-2.5.1\x86\include\SFML\System\FileInputStream.hpp">
      <Filter>External\SFML-2.5.1\x86\include</Filter>
    </ClInclude>
    <ClInclude Include="external\SFML-2.5.1\x86\include\SFML\System\InputStream.hpp">
      <Filter>External\SFML-2.5.1\x86\include</Filter>
    </ClInclude>
    <ClInclude Include="external\SFML-2.5.1\x86\include\SFML\System\Lock.hpp">
      <Filter>External\SFML-2.5.1\x86\include</Filter>
    </ClInclude>
    <ClInclude Include="external\SFML-2.5.1\x86\include\SFML\System\MemoryInputStream.hpp">
      <Filter>External\SFML-2.5.1\x86\include</Filter>
    </ClInclude>
    <ClInclude Include="external\SFML-2.5.1\x86\include\SFML\System\Mutex.hpp">
      <Filter>External\SFML-2.5.1\x86\include</Filter>
    </ClInclude>
    <ClInclude Include="external\SFML-2.5.1\x86\include\SFML\System\NativeActivity.hpp">
      <Filter>External\SFML-2.5.1\x86\include</Filter>
    </ClInclude>
    <ClInclude Include="external\SFML-2.5.1\x86\include\SFML\System\NonCopyable.hpp">
      <Filter>External\SFML-2.5.1\x86\include</Filter>
    </ClInclude>
    <ClInclude Include="external\SFML-2.5.1\x86\include\SFML\System\Sleep.hpp">
      <Filter>External\SFML-2.5.1\x86\include</Filter>
    </ClInclude>
    <ClInclude Include="external\SFML-2.5.1\x86\include\SFML\System\String.hpp">
      <Filter>External\SFML-2.5.1\x86\include</Filter>
    </ClInclude>
    <ClInclude Include="external\SFML-2.5.1\x86\include\SFML\System\Thread.hpp">
      <Filter>External\SFML-2.5.1\x86\include</Filter>
    </ClInclude>
    <ClInclude Include="external\SFML-2.5.1\x86\include\SFML\System\ThreadLocal.hpp">
      <Filter>External\SFML-2.5.1\x86\include</Filter>
    </ClInclude>
    <ClInclude Include="external\SFML-2.5.1\x86\include\SFML\System\ThreadLocalPtr.hpp">
      <Filter>External\SFML-2.5.1\x86\include</Filter>
    </ClInclude>
    <ClInclude Include="external\SFML-2.5.1\x86\include\SFML\System\Time.hpp">
      <Filter>External\SFML-2.5.1\x86\include</Filter>
    </ClInclude>
    <ClInclude Include="external\SFML-2.5.1\x86\include\SFML\System\Utf.hpp">
      <Filter>External\SFML-2.5.1\x86\include</Filter>
    </ClInclude>
    <ClInclude Include="external\SFML-2.5.1\x86\include\SFML\System\Vector2.hpp">
      <Filter>External\SFML-2.5.1\x86\include</Filter>
    </ClInclude>
    <ClInclude Include="external\SFML-2.5.1\x86\include\SFML\System\Vector3.hpp">
      <Filter>External\SFML-2.5.1\x86\include</Filter>
    </ClInclude>
    <ClInclude Include="external\SFML-2.5.1\x64\include\SFML\Audio\AlResource.hpp">
      <Filter>External\SFML-2.5.1\x64\include</Filter>
    </ClInclude>
    <ClInclude Include="external\SFML-2.5.1\x64\include\SFML\Audio\Export.hpp">
      <Filter>External\SFML-2.5.1\x64\include</Filter>
    </ClInclude>
    <ClInclude Include="external\SFML-2.5.1\x64\include\SFML\Audio\InputSoundFile.hpp">
      <Filter>External\SFML-2.5.1\x64\include</Filter>
    </ClInclude>
    <ClInclude Include="external\SFML-2.5.1\x64\include\SFML\Audio\Listener.hpp">
      <Filter>External\SFML-2.5.1\x64\include</Filter>
    </ClInclude>
    <ClInclude Include="external\SFML-2.5.1\x64\include\SFML\Audio\Music.hpp">
      <Filter>External\SFML-2.5.1\x64\include</Filter>
    </ClInclude>
    <ClInclude Include="external\SFML-2.5.1\x64\include\SFML\Audio\OutputSoundFile.hpp">
      <Filter>External\SFML-2.5.1\x64\include</Filter>
    </ClInclude>
    <ClInclude Include="external\SFML-2.5.1\x64\include\SFML\Audio\Sound.hpp">
      <Filter>External\SFML-2.5.1\x64\include</Filter>
    </ClInclude>
    <ClInclude Include="external\SFML-2.5.1\x64\include\SFML\Audio\SoundBuffer.hpp">
      <Filter>External\SFML-2.5.1\x64\include</Filter>
    </ClInclude>
    <ClInclude Include="external\SFML-2.5.1\x64\include\SFML\Audio\SoundBufferRecorder.hpp">
      <Filter>External\SFML-2.5.1\x64\include</Filter>
    </ClInclude>
    <ClInclude Include="external\SFML-2.5.1\x64\include\SFML\Audio\SoundFileFactory.hpp">
      <Filter>External\SFML-2.5.1\x64\include</Filter>
    </ClInclude>
    <ClInclude Include="external\SFML-2.5.1\x64\include\SFML\Audio\SoundFileReader.hpp">
      <Filter>External\SFML-2.5.1\x64\include</Filter>
    </ClInclude>
    <ClInclude Include="external\SFML-2.5.1\x64\include\SFML\Audio\SoundFileWriter.hpp">
      <Filter>External\SFML-2.5.1\x64\include</Filter>
    </ClInclude>
    <ClInclude Include="external\SFML-2.5.1\x64\include\SFML\Audio\SoundRecorder.hpp">
      <Filter>External\SFML-2.5.1\x64\include</Filter>
    </ClInclude>
    <ClInclude Include="external\SFML-2.5.1\x64\include\SFML\Audio\SoundSource.hpp">
      <Filter>External\SFML-2.5.1\x64\include</Filter>
    </ClInclude>
    <ClInclude Include="external\SFML-2.5.1\x64\include\SFML\Audio\SoundStream.hpp">
      <Filter>External\SFML-2.5.1\x64\include</Filter>
    </ClInclude>
    <ClInclude Include="external\SFML-2.5.1\x64\include\SFML\Graphics\BlendMode.hpp">
      <Filter>External\SFML-2.5.1\x64\include</Filter>
    </ClInclude>
    <ClInclude Include="external\SFML-2.5.1\x64\include\SFML\Graphics\CircleShape.hpp">
      <Filter>External\SFML-2.5.1\x64\include</Filter>
    </ClInclude>
    <ClInclude Include="external\SFML-2.5.1\x64\include\SFML\Graphics\Color.hpp">
      <Filter>External\SFML-2.5.1\x64\include</Filter>
    </ClInclude>
    <ClInclude Include="external\SFML-2.5.1\x64\include\SFML\Graphics\ConvexShape.hpp">
      <Filter>External\SFML-2.5.1\x64\include</Filter>
    </ClInclude>
    <ClInclude Include="external\SFML-2.5.1\x64\include\SFML\Graphics\Drawable.hpp">
      <Filter>External\SFML-2.5.1\x64\include</Filter>
    </ClInclude>
    <ClInclude Include="external\SFML-2.5.1\x64\include\SFML\Graphics\Export.hpp">
      <Filter>External\SFML-2.5.1\x64\include</Filter>
    </ClInclude>
    <ClInclude Include="external\SFML-2.5.1\x64\include\SFML\Graphics\Font.hpp">
      <Filter>External\SFML-2.5.1\x64\include</Filter>
    </ClInclude>
    <ClInclude Include="external\SFML-2.5.1\x64\include\SFML\Graphics\Glsl.hpp">
      <Filter>External\SFML-2.5.1\x64\include</Filter>
    </ClInclude>
    <ClInclude Include="external\SFML-2.5.1\x64\include\SFML\Graphics\Glyph.hpp">
      <Filter>External\SFML-2.5.1\x64\include</Filter>
    </ClInclude>
    <ClInclude Include="external\SFML-2.5.1\x64\include\SFML\Graphics\Image.hpp">
      <Filter>External\SFML-2.5.1\x64\include</Filter>
    </ClInclude>
    <ClInclude Include="external\SFML-2.5.1\x64\include\SFML\Graphics\PrimitiveType.hpp">
      <Filter>External\SFML-2.5.1\x64\include</Filter>
    </ClInclude>
    <ClInclude Include="external\SFML-2.5.1\x64\include\SFML\Graphics\Rect.hpp">
      <Filter>External\SFML-2.5.1\x64\include</Filter>
    </ClInclude>
    <ClInclude Include="external\SFML-2.5.1\x64\include\SFML\Graphics\RectangleShape.hpp">
      <Filter>External\SFML-2.5.1\x64\include</Filter>
    </ClInclude>
    <ClInclude Include="external\SFML-2.5.1\x64\include\SFML\Graphics\RenderStates.hpp">
      <Filter>External\SFML-2.5.1\x64\include</Filter>
    </ClInclude>
    <ClInclude Include="external\SFML-2.5.1\x64\include\SFML\Graphics\RenderTarget.hpp">
      <Filter>External\SFML-2.5.1\x64\include</Filter>
    </ClInclude>
    <ClInclude Include="external\SFML-2.5.1\x64\include\SFML\Graphics\RenderTexture.hpp">
      <Filter>External\SFML-2.5.1\x64\include</Filter>
    </ClInclude>
    <ClInclude Include="external\SFML-2.5.1\x64\include\SFML\Graphics\RenderWindow.hpp">
      <Filter>External\SFML-2.5.1\x64\include</Filter>
    </ClInclude>
    <ClInclude Include="external\SFML-2.5.1\x64\include\SFML\Graphics\Shader.hpp">
      <Filter>External\SFML-2.5.1\x64\include</Filter>
    </ClInclude>
    <ClInclude Include="external\SFML-2.5.1\x64\include\SFML\Graphics\Shape.hpp">
      <Filter>External\SFML-2.5.1\x64\include</Filter>
    </ClInclude>
    <ClInclude Include="external\SFML-2.5.1\x64\include\SFML\Graphics\Sprite.hpp">
      <Filter>External\SFML-2.5.1\x64\include</Filter>
    </ClInclude>
    <ClInclude Include="external\SFML-2.5.1\x64\include\SFML\Graphics\Text.hpp">
      <Filter>External\SFML-2.5.1\x64\include</Filter>
    </ClInclude>
    <ClInclude Include="external\SFML-2.5.1\x64\include\SFML\Graphics\Texture.hpp">
      <Filter>External\SFML-2.5.1\x64\include</Filter>
    </ClInclude>
    <ClInclude Include="external\SFML-2.5.1\x64\include\SFML\Graphics\Transform.hpp">
      <Filter>External\SFML-2.5.1\x64\include</Filter>
    </ClInclude>
    <ClInclude Include="external\SFML-2.5.1\x64\include\SFML\Graphics\Transformable.hpp">
      <Filter>External\SFML-2.5.1\x64\include</Filter>
    </ClInclude>
    <ClInclude Include="external\SFML-2.5.1\x64\include\SFML\Graphics\Vertex.hpp">
      <Filter>External\SFML-2.5.1\x64\include</Filter>
    </ClInclude>
    <ClInclude Include="external\SFML-2.5.1\x64\include\SFML\Graphics\VertexArray.hpp">
      <Filter>External\SFML-2.5.1\x64\include</Filter>
    </ClInclude>
    <ClInclude Include="external\SFML-2.5.1\x64\include\SFML\Graphics\VertexBuffer.hpp">
      <Filter>External\SFML-2.5.1\x64\include</Filter>
    </ClInclude>
    <ClInclude Include="external\SFML-2.5.1\x64\include\SFML\Graphics\View.hpp">
      <Filter>External\SFML-2.5.1\x64\include</Filter>
    </ClInclude>
    <ClInclude Include="external\SFML-2.5.1\x64\include\SFML\Network\Export.hpp">
      <Filter>External\SFML-2.5.1\x64\include</Filter>
    </ClInclude>
    <ClInclude Include="external\SFML-2.5.1\x64\include\SFML\Network\Ftp.hpp">
      <Filter>External\SFML-2.5.1\x64\include</Filter>
    </ClInclude>
    <ClInclude Include="external\SFML-2.5.1\x64\include\SFML\Network\Http.hpp">
      <Filter>External\SFML-2.5.1\x64\include</Filter>
    </ClInclude>
    <ClInclude Include="external\SFML-2.5.1\x64\include\SFML\Network\IpAddress.hpp">
      <Filter>External\SFML-2.5.1\x64\include</Filter>
    </ClInclude>
    <ClInclude Include="external\SFML-2.5.1\x64\include\SFML\Network\Packet.hpp">
      <Filter>External\SFML-2.5.1\x64\include</Filter>
    </ClInclude>
    <ClInclude Include="external\SFML-2.5.1\x64\include\SFML\Network\Socket.hpp">
      <Filter>External\SFML-2.5.1\x64\include</Filter>
    </ClInclude>
    <ClInclude Include="external\SFML-2.5.1\x64\include\SFML\Network\SocketHandle.hpp">
      <Filter>External\SFML-2.5.1\x64\include</Filter>
    </ClInclude>
    <ClInclude Include="external\SFML-2.5.1\x64\include\SFML\Network\SocketSelector.hpp">
      <Filter>External\SFML-2.5.1\x64\include</Filter>
    </ClInclude>
    <ClInclude Include="external\SFML-2.5.1\x64\include\SFML\Network\TcpListener.hpp">
      <Filter>External\SFML-2.5.1\x64\include</Filter>
    </ClInclude>
    <ClInclude Include="external\SFML-2.5.1\x64\include\SFML\Network\TcpSocket.hpp">
      <Filter>External\SFML-2.5.1\x64\include</Filter>
    </ClInclude>
    <ClInclude Include="external\SFML-2.5.1\x64\include\SFML\Network\UdpSocket.hpp">
      <Filter>External\SFML-2.5.1\x64\include</Filter>
    </ClInclude>
    <ClInclude Include="external\SFML-2.5.1\x64\include\SFML\System\Clock.hpp">
      <Filter>External\SFML-2.5.1\x64\include</Filter>
    </ClInclude>
    <ClInclude Include="external\SFML-2.5.1\x64\include\SFML\System\Err.hpp">
      <Filter>External\SFML-2.5.1\x64\include</Filter>
    </ClInclude>
    <ClInclude Include="external\SFML-2.5.1\x64\include\SFML\System\Export.hpp">
      <Filter>External\SFML-2.5.1\x64\include</Filter>
    </ClInclude>
    <ClInclude Include="external\SFML-2.5.1\x64\include\SFML\System\FileInputStream.hpp">
      <Filter>External\SFML-2.5.1\x64\include</Filter>
    </ClInclude>
    <ClInclude Include="external\SFML-2.5.1\x64\include\SFML\System\InputStream.hpp">
      <Filter>External\SFML-2.5.1\x64\include</Filter>
    </ClInclude>
    <ClInclude Include="external\SFML-2.5.1\x64\include\SFML\System\Lock.hpp">
      <Filter>External\SFML-2.5.1\x64\include</Filter>
    </ClInclude>
    <ClInclude Include="external\SFML-2.5.1\x64\include\SFML\System\MemoryInputStream.hpp">
      <Filter>External\SFML-2.5.1\x64\include</Filter>
    </ClInclude>
    <ClInclude Include="external\SFML-2.5.1\x64\include\SFML\System\Mutex.hpp">
      <Filter>External\SFML-2.5.1\x64\include</Filter>
    </ClInclude>
    <ClInclude Include="external\SFML-2.5.1\x64\include\SFML\System\NativeActivity.hpp">
      <Filter>External\SFML-2.5.1\x64\include</Filter>
    </ClInclude>
    <ClInclude Include="external\SFML-2.5.1\x64\include\SFML\System\NonCopyable.hpp">
      <Filter>External\SFML-2.5.1\x64\include</Filter>
    </ClInclude>
    <ClInclude Include="external\SFML-2.5.1\x64\include\SFML\System\Sleep.hpp">
      <Filter>External\SFML-2.5.1\x64\include</Filter>
    </ClInclude>
    <ClInclude Include="external\SFML-2.5.1\x64\include\SFML\System\String.hpp">
      <Filter>External\SFML-2.5.1\x64\include</Filter>
    </ClInclude>
    <ClInclude Include="external\SFML-2.5.1\x64\include\SFML\System\Thread.hpp">
      <Filter>External\SFML-2.5.1\x64\include</Filter>
    </ClInclude>
    <ClInclude Include="external\SFML-2.5.1\x64\include\SFML\System\ThreadLocal.hpp">
      <Filter>External\SFML-2.5.1\x64\include</Filter>
    </ClInclude>
    <ClInclude Include="external\SFML-2.5.1\x64\include\SFML\System\ThreadLocalPtr.hpp">
      <Filter>External\SFML-2.5.1\x64\include</Filter>
    </ClInclude>
    <ClInclude Include="external\SFML-2.5.1\x64\include\SFML\System\Time.hpp">
      <Filter>External\SFML-2.5.1\x64\include</Filter>
    </ClInclude>
    <ClInclude Include="external\SFML-2.5.1\x64\include\SFML\System\Utf.hpp">
      <Filter>External\SFML-2.5.1\x64\include</Filter>
    </ClInclude>
    <ClInclude Include="external\SFML-2.5.1\x64\include\SFML\System\Vector2.hpp">
      <Filter>External\SFML-2.5.1\x64\include</Filter>
    </ClInclude>
    <ClInclude Include="external\SFML-2.5.1\x64\include\SFML\System\Vector3.hpp">
      <Filter>External\SFML-2.5.1\x64\include</Filter>
    </ClInclude>
    <ClInclude Include="external\SFML-2.5.1\x64\include\SFML\Window\Clipboard.hpp">
      <Filter>External\SFML-2.5.1\x64\include</Filter>
    </ClInclude>
    <ClInclude Include="external\SFML-2.5.1\x64\include\SFML\Window\Context.hpp">
      <Filter>External\SFML-2.5.1\x64\include</Filter>
    </ClInclude>
    <ClInclude Include="external\SFML-2.5.1\x64\include\SFML\Window\ContextSettings.hpp">
      <Filter>External\SFML-2.5.1\x64\include</Filter>
    </ClInclude>
    <ClInclude Include="external\SFML-2.5.1\x64\include\SFML\Window\Cursor.hpp">
      <Filter>External\SFML-2.5.1\x64\include</Filter>
    </ClInclude>
    <ClInclude Include="external\SFML-2.5.1\x64\include\SFML\Window\Event.hpp">
      <Filter>External\SFML-2.5.1\x64\include</Filter>
    </ClInclude>
    <ClInclude Include="external\SFML-2.5.1\x64\include\SFML\Window\Export.hpp">
      <Filter>External\SFML-2.5.1\x64\include</Filter>
    </ClInclude>
    <ClInclude Include="external\SFML-2.5.1\x64\include\SFML\Window\GlResource.hpp">
      <Filter>External\SFML-2.5.1\x64\include</Filter>
    </ClInclude>
    <ClInclude Include="external\SFML-2.5.1\x64\include\SFML\Window\Joystick.hpp">
      <Filter>External\SFML-2.5.1\x64\include</Filter>
    </ClInclude>
    <ClInclude Include="external\SFML-2.5.1\x64\include\SFML\Window\Keyboard.hpp">
      <Filter>External\SFML-2.5.1\x64\include</Filter>
    </ClInclude>
    <ClInclude Include="external\SFML-2.5.1\x64\include\SFML\Window\Mouse.hpp">
      <Filter>External\SFML-2.5.1\x64\include</Filter>
    </ClInclude>
    <ClInclude Include="external\SFML-2.5.1\x64\include\SFML\Window\Sensor.hpp">
      <Filter>External\SFML-2.5.1\x64\include</Filter>
    </ClInclude>
    <ClInclude Include="external\SFML-2.5.1\x64\include\SFML\Window\Touch.hpp">
      <Filter>External\SFML-2.5.1\x64\include</Filter>
    </ClInclude>
    <ClInclude Include="external\SFML-2.5.1\x64\include\SFML\Window\VideoMode.hpp">
      <Filter>External\SFML-2.5.1\x64\include</Filter>
    </ClInclude>
    <ClInclude Include="external\SFML-2.5.1\x64\include\SFML\Window\Window.hpp">
      <Filter>External\SFML-2.5.1\x64\include</Filter>
    </ClInclude>
    <ClInclude Include="external\SFML-2.5.1\x64\include\SFML\Window\WindowHandle.hpp">
      <Filter>External\SFML-2.5.1\x64\include</Filter>
    </ClInclude>
    <ClInclude Include="external\SFML-2.5.1\x64\include\SFML\Window\WindowStyle.hpp">
      <Filter>External\SFML-2.5.1\x64\include</Filter>
    </ClInclude>
    <ClInclude Include="external\SFML-2.5.1\x64\include\SFML\Audio.hpp">
      <Filter>External\SFML-2.5.1\x64\include</Filter>
    </ClInclude>
    <ClInclude Include="external\SFML-2.5.1\x64\include\SFML\Config.hpp">
      <Filter>External\SFML-2.5.1\x64\include</Filter>
    </ClInclude>
    <ClInclude Include="external\SFML-2.5.1\x64\include\SFML\GpuPreference.hpp">
      <Filter>External\SFML-2.5.1\x64\include</Filter>
    </ClInclude>
    <ClInclude Include="external\SFML-2.5.1\x64\include\SFML\Graphics.hpp">
      <Filter>External\SFML-2.5.1\x64\include</Filter>
    </ClInclude>
    <ClInclude Include="external\SFML-2.5.1\x64\include\SFML\Main.hpp">
      <Filter>External\SFML-2.5.1\x64\include</Filter>
    </ClInclude>
    <ClInclude Include="external\SFML-2.5.1\x64\include\SFML\Network.hpp">
      <Filter>External\SFML-2.5.1\x64\include</Filter>
    </ClInclude>
    <ClInclude Include="external\SFML-2.5.1\x64\include\SFML\OpenGL.hpp">
      <Filter>External\SFML-2.5.1\x64\include</Filter>
    </ClInclude>
    <ClInclude Include="external\SFML-2.5.1\x64\include\SFML\System.hpp">
      <Filter>External\SFML-2.5.1\x64\include</Filter>
    </ClInclude>
    <ClInclude Include="external\SFML-2.5.1\x64\include\SFML\Window.hpp">
      <Filter>External\SFML-2.5.1\x64\include</Filter>
    </ClInclude>
    <ClInclude Include="Logger.hpp">
      <Filter>Headers</Filter>
    </ClInclude>
    <ClInclude Include="map\Sprite.hpp">
      <Filter>Headers\map</Filter>
    </ClInclude>
    <ClInclude Include="map\Tile.hpp">
      <Filter>Headers\map</Filter>
    </ClInclude>
    <ClInclude Include="helpers\MathHelper.hpp">
      <Filter>Headers\helpers</Filter>
    </ClInclude>
  </ItemGroup>
  <ItemGroup>
    <None Include="assets\tilesets\tiny-16.meta">
      <Filter>Assets\Tilesets</Filter>
    </None>
    <None Include="assets\tilesets\grass.meta">
      <Filter>Assets\Tilesets</Filter>
    </None>
    <None Include="external\SFML-2.5.1\x86\lib\sfml-audio-d.pdb">
      <Filter>External\SFML-2.5.1\x86\lib</Filter>
    </None>
    <None Include="external\SFML-2.5.1\x86\lib\sfml-audio-s-d.pdb">
      <Filter>External\SFML-2.5.1\x86\lib</Filter>
    </None>
    <None Include="external\SFML-2.5.1\x86\lib\sfml-graphics-d.pdb">
      <Filter>External\SFML-2.5.1\x86\lib</Filter>
    </None>
    <None Include="external\SFML-2.5.1\x86\lib\sfml-graphics-s-d.pdb">
      <Filter>External\SFML-2.5.1\x86\lib</Filter>
    </None>
    <None Include="external\SFML-2.5.1\x86\lib\sfml-main-s-d.pdb">
      <Filter>External\SFML-2.5.1\x86\lib</Filter>
    </None>
    <None Include="external\SFML-2.5.1\x86\lib\sfml-network-d.pdb">
      <Filter>External\SFML-2.5.1\x86\lib</Filter>
    </None>
    <None Include="external\SFML-2.5.1\x86\lib\sfml-network-s-d.pdb">
      <Filter>External\SFML-2.5.1\x86\lib</Filter>
    </None>
    <None Include="external\SFML-2.5.1\x86\lib\sfml-system-d.pdb">
      <Filter>External\SFML-2.5.1\x86\lib</Filter>
    </None>
    <None Include="external\SFML-2.5.1\x86\lib\sfml-system-s-d.pdb">
      <Filter>External\SFML-2.5.1\x86\lib</Filter>
    </None>
    <None Include="external\SFML-2.5.1\x86\lib\sfml-window-d.pdb">
      <Filter>External\SFML-2.5.1\x86\lib</Filter>
    </None>
    <None Include="external\SFML-2.5.1\x86\lib\sfml-window-s-d.pdb">
      <Filter>External\SFML-2.5.1\x86\lib</Filter>
    </None>
    <None Include="external\SFML-2.5.1\x86\include\SFML\Audio\SoundFileFactory.inl">
      <Filter>External\SFML-2.5.1\x86\include</Filter>
    </None>
    <None Include="external\SFML-2.5.1\x86\include\SFML\Graphics\Glsl.inl">
      <Filter>External\SFML-2.5.1\x86\include</Filter>
    </None>
    <None Include="external\SFML-2.5.1\x86\include\SFML\Graphics\Rect.inl">
      <Filter>External\SFML-2.5.1\x86\include</Filter>
    </None>
    <None Include="external\SFML-2.5.1\x86\include\SFML\System\String.inl">
      <Filter>External\SFML-2.5.1\x86\include</Filter>
    </None>
    <None Include="external\SFML-2.5.1\x86\include\SFML\System\Thread.inl">
      <Filter>External\SFML-2.5.1\x86\include</Filter>
    </None>
    <None Include="external\SFML-2.5.1\x86\include\SFML\System\ThreadLocalPtr.inl">
      <Filter>External\SFML-2.5.1\x86\include</Filter>
    </None>
    <None Include="external\SFML-2.5.1\x86\include\SFML\System\Utf.inl">
      <Filter>External\SFML-2.5.1\x86\include</Filter>
    </None>
    <None Include="external\SFML-2.5.1\x86\include\SFML\System\Vector2.inl">
      <Filter>External\SFML-2.5.1\x86\include</Filter>
    </None>
    <None Include="external\SFML-2.5.1\x86\include\SFML\System\Vector3.inl">
      <Filter>External\SFML-2.5.1\x86\include</Filter>
    </None>
    <None Include="external\SFML-2.5.1\x64\include\SFML\Audio\SoundFileFactory.inl">
      <Filter>External\SFML-2.5.1\x64\include</Filter>
    </None>
    <None Include="external\SFML-2.5.1\x64\include\SFML\Graphics\Glsl.inl">
      <Filter>External\SFML-2.5.1\x64\include</Filter>
    </None>
    <None Include="external\SFML-2.5.1\x64\include\SFML\Graphics\Rect.inl">
      <Filter>External\SFML-2.5.1\x64\include</Filter>
    </None>
    <None Include="external\SFML-2.5.1\x64\include\SFML\System\String.inl">
      <Filter>External\SFML-2.5.1\x64\include</Filter>
    </None>
    <None Include="external\SFML-2.5.1\x64\include\SFML\System\Thread.inl">
      <Filter>External\SFML-2.5.1\x64\include</Filter>
    </None>
    <None Include="external\SFML-2.5.1\x64\include\SFML\System\ThreadLocalPtr.inl">
      <Filter>External\SFML-2.5.1\x64\include</Filter>
    </None>
    <None Include="external\SFML-2.5.1\x64\include\SFML\System\Utf.inl">
      <Filter>External\SFML-2.5.1\x64\include</Filter>
    </None>
    <None Include="external\SFML-2.5.1\x64\include\SFML\System\Vector2.inl">
      <Filter>External\SFML-2.5.1\x64\include</Filter>
    </None>
    <None Include="external\SFML-2.5.1\x64\include\SFML\System\Vector3.inl">
      <Filter>External\SFML-2.5.1\x64\include</Filter>
    </None>
    <None Include="external\SFML-2.5.1\x64\lib\sfml-audio-d.pdb">
      <Filter>External\SFML-2.5.1\x64\lib</Filter>
    </None>
    <None Include="external\SFML-2.5.1\x64\lib\sfml-audio-s-d.pdb">
      <Filter>External\SFML-2.5.1\x64\lib</Filter>
    </None>
    <None Include="external\SFML-2.5.1\x64\lib\sfml-graphics-d.pdb">
      <Filter>External\SFML-2.5.1\x64\lib</Filter>
    </None>
    <None Include="external\SFML-2.5.1\x64\lib\sfml-graphics-s-d.pdb">
      <Filter>External\SFML-2.5.1\x64\lib</Filter>
    </None>
    <None Include="external\SFML-2.5.1\x64\lib\sfml-main-s-d.pdb">
      <Filter>External\SFML-2.5.1\x64\lib</Filter>
    </None>
    <None Include="external\SFML-2.5.1\x64\lib\sfml-network-d.pdb">
      <Filter>External\SFML-2.5.1\x64\lib</Filter>
    </None>
    <None Include="external\SFML-2.5.1\x64\lib\sfml-network-s-d.pdb">
      <Filter>External\SFML-2.5.1\x64\lib</Filter>
    </None>
    <None Include="external\SFML-2.5.1\x64\lib\sfml-system-d.pdb">
      <Filter>External\SFML-2.5.1\x64\lib</Filter>
    </None>
    <None Include="external\SFML-2.5.1\x64\lib\sfml-system-s-d.pdb">
      <Filter>External\SFML-2.5.1\x64\lib</Filter>
    </None>
    <None Include="external\SFML-2.5.1\x64\lib\sfml-window-d.pdb">
      <Filter>External\SFML-2.5.1\x64\lib</Filter>
    </None>
    <None Include="external\SFML-2.5.1\x64\lib\sfml-window-s-d.pdb">
      <Filter>External\SFML-2.5.1\x64\lib</Filter>
    </None>
    <None Include="external\SFML-2.5.1\x64\readme.md">
      <Filter>External\SFML-2.5.1\x64</Filter>
    </None>
    <None Include="external\SFML-2.5.1\x64\license.md">
      <Filter>External\SFML-2.5.1\x64</Filter>
    </None>
    <None Include="external\SFML-2.5.1\x86\license.md">
      <Filter>External\SFML-2.5.1\x86</Filter>
    </None>
    <None Include="external\SFML-2.5.1\x86\readme.md">
      <Filter>External\SFML-2.5.1\x86</Filter>
    </None>
  </ItemGroup>
  <ItemGroup>
    <Image Include="assets\tilesets\tiny-16.png">
      <Filter>Assets\Tilesets</Filter>
    </Image>
    <Image Include="assets\tilesets\grass.png">
      <Filter>Assets\Tilesets</Filter>
    </Image>
  </ItemGroup>
  <ItemGroup>
    <Library Include="external\SFML-2.5.1\x86\lib\ogg.lib">
      <Filter>External\SFML-2.5.1\x86\lib</Filter>
    </Library>
    <Library Include="external\SFML-2.5.1\x86\lib\openal32.lib">
      <Filter>External\SFML-2.5.1\x86\lib</Filter>
    </Library>
    <Library Include="external\SFML-2.5.1\x86\lib\sfml-audio.lib">
      <Filter>External\SFML-2.5.1\x86\lib</Filter>
    </Library>
    <Library Include="external\SFML-2.5.1\x86\lib\sfml-audio-d.lib">
      <Filter>External\SFML-2.5.1\x86\lib</Filter>
    </Library>
    <Library Include="external\SFML-2.5.1\x86\lib\sfml-audio-s.lib">
      <Filter>External\SFML-2.5.1\x86\lib</Filter>
    </Library>
    <Library Include="external\SFML-2.5.1\x86\lib\sfml-audio-s-d.lib">
      <Filter>External\SFML-2.5.1\x86\lib</Filter>
    </Library>
    <Library Include="external\SFML-2.5.1\x86\lib\sfml-graphics.lib">
      <Filter>External\SFML-2.5.1\x86\lib</Filter>
    </Library>
    <Library Include="external\SFML-2.5.1\x86\lib\sfml-graphics-d.lib">
      <Filter>External\SFML-2.5.1\x86\lib</Filter>
    </Library>
    <Library Include="external\SFML-2.5.1\x86\lib\sfml-graphics-s.lib">
      <Filter>External\SFML-2.5.1\x86\lib</Filter>
    </Library>
    <Library Include="external\SFML-2.5.1\x86\lib\sfml-graphics-s-d.lib">
      <Filter>External\SFML-2.5.1\x86\lib</Filter>
    </Library>
    <Library Include="external\SFML-2.5.1\x86\lib\sfml-main.lib">
      <Filter>External\SFML-2.5.1\x86\lib</Filter>
    </Library>
    <Library Include="external\SFML-2.5.1\x86\lib\sfml-main-d.lib">
      <Filter>External\SFML-2.5.1\x86\lib</Filter>
    </Library>
    <Library Include="external\SFML-2.5.1\x86\lib\sfml-network.lib">
      <Filter>External\SFML-2.5.1\x86\lib</Filter>
    </Library>
    <Library Include="external\SFML-2.5.1\x86\lib\sfml-network-d.lib">
      <Filter>External\SFML-2.5.1\x86\lib</Filter>
    </Library>
    <Library Include="external\SFML-2.5.1\x86\lib\sfml-network-s.lib">
      <Filter>External\SFML-2.5.1\x86\lib</Filter>
    </Library>
    <Library Include="external\SFML-2.5.1\x86\lib\sfml-network-s-d.lib">
      <Filter>External\SFML-2.5.1\x86\lib</Filter>
    </Library>
    <Library Include="external\SFML-2.5.1\x86\lib\sfml-system.lib">
      <Filter>External\SFML-2.5.1\x86\lib</Filter>
    </Library>
    <Library Include="external\SFML-2.5.1\x86\lib\sfml-system-d.lib">
      <Filter>External\SFML-2.5.1\x86\lib</Filter>
    </Library>
    <Library Include="external\SFML-2.5.1\x86\lib\sfml-system-s.lib">
      <Filter>External\SFML-2.5.1\x86\lib</Filter>
    </Library>
    <Library Include="external\SFML-2.5.1\x86\lib\sfml-system-s-d.lib">
      <Filter>External\SFML-2.5.1\x86\lib</Filter>
    </Library>
    <Library Include="external\SFML-2.5.1\x86\lib\sfml-window.lib">
      <Filter>External\SFML-2.5.1\x86\lib</Filter>
    </Library>
    <Library Include="external\SFML-2.5.1\x86\lib\sfml-window-d.lib">
      <Filter>External\SFML-2.5.1\x86\lib</Filter>
    </Library>
    <Library Include="external\SFML-2.5.1\x86\lib\sfml-window-s.lib">
      <Filter>External\SFML-2.5.1\x86\lib</Filter>
    </Library>
    <Library Include="external\SFML-2.5.1\x86\lib\sfml-window-s-d.lib">
      <Filter>External\SFML-2.5.1\x86\lib</Filter>
    </Library>
    <Library Include="external\SFML-2.5.1\x86\lib\vorbis.lib">
      <Filter>External\SFML-2.5.1\x86\lib</Filter>
    </Library>
    <Library Include="external\SFML-2.5.1\x86\lib\vorbisenc.lib">
      <Filter>External\SFML-2.5.1\x86\lib</Filter>
    </Library>
    <Library Include="external\SFML-2.5.1\x86\lib\vorbisfile.lib">
      <Filter>External\SFML-2.5.1\x86\lib</Filter>
    </Library>
    <Library Include="external\SFML-2.5.1\x86\lib\flac.lib">
      <Filter>External\SFML-2.5.1\x86\lib</Filter>
    </Library>
    <Library Include="external\SFML-2.5.1\x86\lib\freetype.lib">
      <Filter>External\SFML-2.5.1\x86\lib</Filter>
    </Library>
    <Library Include="external\SFML-2.5.1\x64\lib\flac.lib">
      <Filter>External\SFML-2.5.1\x64\lib</Filter>
    </Library>
    <Library Include="external\SFML-2.5.1\x64\lib\freetype.lib">
      <Filter>External\SFML-2.5.1\x64\lib</Filter>
    </Library>
    <Library Include="external\SFML-2.5.1\x64\lib\ogg.lib">
      <Filter>External\SFML-2.5.1\x64\lib</Filter>
    </Library>
    <Library Include="external\SFML-2.5.1\x64\lib\openal32.lib">
      <Filter>External\SFML-2.5.1\x64\lib</Filter>
    </Library>
    <Library Include="external\SFML-2.5.1\x64\lib\sfml-audio.lib">
      <Filter>External\SFML-2.5.1\x64\lib</Filter>
    </Library>
    <Library Include="external\SFML-2.5.1\x64\lib\sfml-audio-d.lib">
      <Filter>External\SFML-2.5.1\x64\lib</Filter>
    </Library>
    <Library Include="external\SFML-2.5.1\x64\lib\sfml-audio-s.lib">
      <Filter>External\SFML-2.5.1\x64\lib</Filter>
    </Library>
    <Library Include="external\SFML-2.5.1\x64\lib\sfml-audio-s-d.lib">
      <Filter>External\SFML-2.5.1\x64\lib</Filter>
    </Library>
    <Library Include="external\SFML-2.5.1\x64\lib\sfml-graphics.lib">
      <Filter>External\SFML-2.5.1\x64\lib</Filter>
    </Library>
    <Library Include="external\SFML-2.5.1\x64\lib\sfml-graphics-d.lib">
      <Filter>External\SFML-2.5.1\x64\lib</Filter>
    </Library>
    <Library Include="external\SFML-2.5.1\x64\lib\sfml-graphics-s.lib">
      <Filter>External\SFML-2.5.1\x64\lib</Filter>
    </Library>
    <Library Include="external\SFML-2.5.1\x64\lib\sfml-graphics-s-d.lib">
      <Filter>External\SFML-2.5.1\x64\lib</Filter>
    </Library>
    <Library Include="external\SFML-2.5.1\x64\lib\sfml-main.lib">
      <Filter>External\SFML-2.5.1\x64\lib</Filter>
    </Library>
    <Library Include="external\SFML-2.5.1\x64\lib\sfml-main-d.lib">
      <Filter>External\SFML-2.5.1\x64\lib</Filter>
    </Library>
    <Library Include="external\SFML-2.5.1\x64\lib\sfml-network.lib">
      <Filter>External\SFML-2.5.1\x64\lib</Filter>
    </Library>
    <Library Include="external\SFML-2.5.1\x64\lib\sfml-network-d.lib">
      <Filter>External\SFML-2.5.1\x64\lib</Filter>
    </Library>
    <Library Include="external\SFML-2.5.1\x64\lib\sfml-network-s.lib">
      <Filter>External\SFML-2.5.1\x64\lib</Filter>
    </Library>
    <Library Include="external\SFML-2.5.1\x64\lib\sfml-network-s-d.lib">
      <Filter>External\SFML-2.5.1\x64\lib</Filter>
    </Library>
    <Library Include="external\SFML-2.5.1\x64\lib\sfml-system.lib">
      <Filter>External\SFML-2.5.1\x64\lib</Filter>
    </Library>
    <Library Include="external\SFML-2.5.1\x64\lib\sfml-system-d.lib">
      <Filter>External\SFML-2.5.1\x64\lib</Filter>
    </Library>
    <Library Include="external\SFML-2.5.1\x64\lib\sfml-system-s.lib">
      <Filter>External\SFML-2.5.1\x64\lib</Filter>
    </Library>
    <Library Include="external\SFML-2.5.1\x64\lib\sfml-system-s-d.lib">
      <Filter>External\SFML-2.5.1\x64\lib</Filter>
    </Library>
    <Library Include="external\SFML-2.5.1\x64\lib\sfml-window.lib">
      <Filter>External\SFML-2.5.1\x64\lib</Filter>
    </Library>
    <Library Include="external\SFML-2.5.1\x64\lib\sfml-window-d.lib">
      <Filter>External\SFML-2.5.1\x64\lib</Filter>
    </Library>
    <Library Include="external\SFML-2.5.1\x64\lib\sfml-window-s.lib">
      <Filter>External\SFML-2.5.1\x64\lib</Filter>
    </Library>
    <Library Include="external\SFML-2.5.1\x64\lib\sfml-window-s-d.lib">
      <Filter>External\SFML-2.5.1\x64\lib</Filter>
    </Library>
    <Library Include="external\SFML-2.5.1\x64\lib\vorbis.lib">
      <Filter>External\SFML-2.5.1\x64\lib</Filter>
    </Library>
    <Library Include="external\SFML-2.5.1\x64\lib\vorbisenc.lib">
      <Filter>External\SFML-2.5.1\x64\lib</Filter>
    </Library>
    <Library Include="external\SFML-2.5.1\x64\lib\vorbisfile.lib">
      <Filter>External\SFML-2.5.1\x64\lib</Filter>
    </Library>
  </ItemGroup>
</Project>