<?xml version="1.0" encoding="utf-8"?>
<Project ToolsVersion="4.0" xmlns="http://schemas.microsoft.com/developer/msbuild/2003">
  <ItemGroup>
    <Filter Include="Source Files">
      <UniqueIdentifier>{4FC737F1-C7A5-4376-A066-2A32D752A2FF}</UniqueIdentifier>
      <Extensions>cpp;c;cc;cxx;def;odl;idl;hpj;bat;asm;asmx</Extensions>
    </Filter>
    <Filter Include="Header Files">
      <UniqueIdentifier>{93995380-89BD-4b04-88EB-625FBE52EBFB}</UniqueIdentifier>
      <Extensions>h;hh;hpp;hxx;hm;inl;inc;ipp;xsd</Extensions>
    </Filter>
    <Filter Include="Resource Files">
      <UniqueIdentifier>{67DA6AB6-F800-4c08-8B7A-83BB121AAD01}</UniqueIdentifier>
      <Extensions>rc;ico;cur;bmp;dlg;rc2;rct;bin;rgs;gif;jpg;jpeg;jpe;resx;tiff;tif;png;wav;mfcribbon-ms</Extensions>
    </Filter>
    <Filter Include="Header Files\core">
      <UniqueIdentifier>{499d41e5-7989-4365-8416-cbaf244fe3ba}</UniqueIdentifier>
    </Filter>
    <Filter Include="Source Files\core">
      <UniqueIdentifier>{05f8ac52-3f3c-491e-953d-c4dca0575f5b}</UniqueIdentifier>
    </Filter>
    <Filter Include="Source Files\states">
      <UniqueIdentifier>{98807b3c-9e89-49e5-b1c9-c56ae9294d58}</UniqueIdentifier>
    </Filter>
    <Filter Include="Header Files\states">
      <UniqueIdentifier>{d210ea10-443a-4bf5-961a-e994ac10c94d}</UniqueIdentifier>
    </Filter>
    <Filter Include="Source Files\drawables">
      <UniqueIdentifier>{025807b5-5779-44ed-b161-902014e0a1df}</UniqueIdentifier>
    </Filter>
    <Filter Include="Header Files\drawables">
      <UniqueIdentifier>{11e455d0-9f5b-4909-a4f9-db854725f0d1}</UniqueIdentifier>
    </Filter>
  </ItemGroup>
  <ItemGroup>
    <ClCompile Include="main.cpp">
      <Filter>Source Files</Filter>
    </ClCompile>
    <ClCompile Include="core\Game.cpp">
      <Filter>Source Files\core</Filter>
    </ClCompile>
    <ClCompile Include="core\Window.cpp">
      <Filter>Source Files\core</Filter>
    </ClCompile>
    <ClCompile Include="states\LevelEditorGameState.cpp">
      <Filter>Source Files\states</Filter>
    </ClCompile>
    <ClCompile Include="drawables\Grid.cpp">
      <Filter>Source Files\drawables</Filter>
    </ClCompile>
  </ItemGroup>
  <ItemGroup>
    <Text Include="conventions.txt" />
  </ItemGroup>
  <ItemGroup>
    <ClInclude Include="core\Game.hpp">
      <Filter>Header Files\core</Filter>
    </ClInclude>
    <ClInclude Include="core\Window.hpp">
      <Filter>Header Files\core</Filter>
    </ClInclude>
    <ClInclude Include="states\GameState.hpp">
      <Filter>Header Files\states</Filter>
    </ClInclude>
    <ClInclude Include="states\LevelEditorGameState.hpp">
      <Filter>Header Files\states</Filter>
    </ClInclude>
    <ClInclude Include="drawables\Grid.hpp">
      <Filter>Header Files\drawables</Filter>
    </ClInclude>
  </ItemGroup>
</Project>