<?xml version="1.0" encoding="utf-8"?>
<Project ToolsVersion="4.0" xmlns="http://schemas.microsoft.com/developer/msbuild/2003">
  <ItemGroup>
    <Filter Include="Source Files">
      <UniqueIdentifier>{4FC737F1-C7A5-4376-A066-2A32D752A2FF}</UniqueIdentifier>
      <Extensions>cpp;c;cc;cxx;def;odl;idl;hpj;bat;asm;asmx</Extensions>
    </Filter>
    <Filter Include="Header Files">
      <UniqueIdentifier>{93995380-89BD-4b04-88EB-625FBE52EBFB}</UniqueIdentifier>
      <Extensions>h;hh;hpp;hxx;hm;inl;inc;ipp;xsd</Extensions>
    </Filter>
    <Filter Include="Resource Files">
      <UniqueIdentifier>{67DA6AB6-F800-4c08-8B7A-83BB121AAD01}</UniqueIdentifier>
      <Extensions>rc;ico;cur;bmp;dlg;rc2;rct;bin;rgs;gif;jpg;jpeg;jpe;resx;tiff;tif;png;wav;mfcribbon-ms</Extensions>
    </Filter>
    <Filter Include="Source Files\tinyxml2">
      <UniqueIdentifier>{fcc64e0b-a7f1-40b9-bd3e-b251799623d5}</UniqueIdentifier>
    </Filter>
    <Filter Include="Source Files\imgui">
      <UniqueIdentifier>{21157b17-89c1-4706-b20d-12a59340558f}</UniqueIdentifier>
    </Filter>
    <Filter Include="Header Files\tinyxml2">
      <UniqueIdentifier>{9da417fb-b3cc-454a-aca4-91a033ad9f2b}</UniqueIdentifier>
    </Filter>
    <Filter Include="Header Files\imgui">
      <UniqueIdentifier>{31f53ea8-7296-4a17-969f-18c28f594ca3}</UniqueIdentifier>
    </Filter>
    <Filter Include="Header Files\tmx">
      <UniqueIdentifier>{71ec98c4-7f42-4f32-a72f-10d9674210af}</UniqueIdentifier>
    </Filter>
    <Filter Include="Source Files\tmx">
      <UniqueIdentifier>{e5055cf0-c790-491d-a277-5b890fca46cd}</UniqueIdentifier>
    </Filter>
    <Filter Include="Header Files\entities">
      <UniqueIdentifier>{39369e42-995d-4655-8169-607a3a58ee7f}</UniqueIdentifier>
    </Filter>
    <Filter Include="Header Files\ui">
      <UniqueIdentifier>{b6eac80c-3af9-47ab-a5b0-53e2187a314a}</UniqueIdentifier>
    </Filter>
    <Filter Include="Source Files\entities">
      <UniqueIdentifier>{aaac560d-bea3-408a-86b6-9536d814d247}</UniqueIdentifier>
    </Filter>
    <Filter Include="Header Files\eventbus">
      <UniqueIdentifier>{f745d194-afb0-4635-ac57-281be371da7b}</UniqueIdentifier>
    </Filter>
    <Filter Include="Header Files\eventbus\internal">
      <UniqueIdentifier>{62b2330b-0334-4f93-a997-b8a9e8e3359c}</UniqueIdentifier>
    </Filter>
    <Filter Include="Source Files\eventbus">
      <UniqueIdentifier>{4304b42b-fe61-4d9c-ac49-cc8faebec424}</UniqueIdentifier>
    </Filter>
    <Filter Include="Header Files\events">
      <UniqueIdentifier>{0f7baebf-94d1-4994-a804-c49f0dead3bf}</UniqueIdentifier>
    </Filter>
  </ItemGroup>
  <ItemGroup>
    <ClInclude Include="game_state.hpp">
      <Filter>Header Files</Filter>
    </ClInclude>
    <ClInclude Include="game.hpp">
      <Filter>Header Files</Filter>
    </ClInclude>
    <ClInclude Include="game_state_start.hpp">
      <Filter>Header Files</Filter>
    </ClInclude>
    <ClInclude Include="game_state_editor.hpp">
      <Filter>Header Files</Filter>
    </ClInclude>
    <ClInclude Include="texture_manager.hpp">
      <Filter>Header Files</Filter>
    </ClInclude>
    <ClInclude Include="map.hpp">
      <Filter>Header Files</Filter>
    </ClInclude>
    <ClInclude Include="tinyxml2\tinyxml2.h">
      <Filter>Header Files\tinyxml2</Filter>
    </ClInclude>
    <ClInclude Include="imgui\imconfig.h">
      <Filter>Header Files\imgui</Filter>
    </ClInclude>
    <ClInclude Include="imgui\imgui.h">
      <Filter>Header Files\imgui</Filter>
    </ClInclude>
    <ClInclude Include="imgui\imgui_internal.h">
      <Filter>Header Files\imgui</Filter>
    </ClInclude>
    <ClInclude Include="imgui\imstb_rectpack.h">
      <Filter>Header Files\imgui</Filter>
    </ClInclude>
    <ClInclude Include="imgui\imstb_textedit.h">
      <Filter>Header Files\imgui</Filter>
    </ClInclude>
    <ClInclude Include="imgui\imstb_truetype.h">
      <Filter>Header Files\imgui</Filter>
    </ClInclude>
    <ClInclude Include="tmx_tileset_image.hpp">
      <Filter>Header Files\tmx</Filter>
    </ClInclude>
    <ClInclude Include="tmx_tileset.hpp">
      <Filter>Header Files\tmx</Filter>
    </ClInclude>
    <ClInclude Include="tmx_parser.hpp">
      <Filter>Header Files\tmx</Filter>
    </ClInclude>
    <ClInclude Include="tmx_map.hpp">
      <Filter>Header Files\tmx</Filter>
    </ClInclude>
    <ClInclude Include="tmx_layer.hpp">
      <Filter>Header Files\tmx</Filter>
    </ClInclude>
    <ClInclude Include="tmx_tile_layer.hpp">
      <Filter>Header Files\tmx</Filter>
    </ClInclude>
    <ClInclude Include="tmx_object.hpp">
      <Filter>Header Files\tmx</Filter>
    </ClInclude>
    <ClInclude Include="tmx_object_layer.hpp">
      <Filter>Header Files\tmx</Filter>
    </ClInclude>
    <ClInclude Include="tmx_object_property.hpp">
      <Filter>Header Files\tmx</Filter>
    </ClInclude>
    <ClInclude Include="map_tile_layer.hpp">
      <Filter>Header Files</Filter>
    </ClInclude>
    <ClInclude Include="map_layer.hpp">
      <Filter>Header Files</Filter>
    </ClInclude>
    <ClInclude Include="map_object_layer.hpp">
      <Filter>Header Files</Filter>
    </ClInclude>
    <ClInclude Include="map_object_property.hpp">
      <Filter>Header Files</Filter>
    </ClInclude>
    <ClInclude Include="map_object.hpp">
      <Filter>Header Files</Filter>
    </ClInclude>
    <ClInclude Include="player.hpp">
      <Filter>Header Files\entities</Filter>
    </ClInclude>
    <ClInclude Include="entity.hpp">
      <Filter>Header Files\entities</Filter>
    </ClInclude>
    <ClInclude Include="entity_health_bar.hpp">
      <Filter>Header Files\ui</Filter>
    </ClInclude>
    <ClInclude Include="enemy.hpp">
      <Filter>Header Files\entities</Filter>
    </ClInclude>
    <ClInclude Include="entity_type.hpp">
      <Filter>Header Files\entities</Filter>
    </ClInclude>
    <ClInclude Include="entity_manager.hpp">
      <Filter>Header Files\entities</Filter>
    </ClInclude>
    <ClInclude Include="eventbus\AsyncEventBus.hpp">
      <Filter>Header Files\eventbus</Filter>
    </ClInclude>
    <ClInclude Include="eventbus\EventBus.hpp">
      <Filter>Header Files\eventbus</Filter>
    </ClInclude>
    <ClInclude Include="eventbus\EventCollector.hpp">
      <Filter>Header Files\eventbus</Filter>
    </ClInclude>
    <ClInclude Include="eventbus\TokenHolder.hpp">
      <Filter>Header Files\eventbus</Filter>
    </ClInclude>
    <ClInclude Include="eventbus\internal\AsyncCallbackVector.hpp">
      <Filter>Header Files\eventbus\internal</Filter>
    </ClInclude>
    <ClInclude Include="eventbus\internal\CallbackVector.hpp">
      <Filter>Header Files\eventbus\internal</Filter>
    </ClInclude>
    <ClInclude Include="eventbus\internal\common.hpp">
      <Filter>Header Files\eventbus\internal</Filter>
    </ClInclude>
    <ClInclude Include="eventbus\internal\TransactionCallbackVector.hpp">
      <Filter>Header Files\eventbus\internal</Filter>
    </ClInclude>
    <ClInclude Include="entity_events.hpp">
      <Filter>Header Files\events</Filter>
    </ClInclude>
  </ItemGroup>
  <ItemGroup>
    <ClCompile Include="game.cpp">
      <Filter>Source Files</Filter>
    </ClCompile>
    <ClCompile Include="main.cpp">
      <Filter>Source Files</Filter>
    </ClCompile>
    <ClCompile Include="game_state_start.cpp">
      <Filter>Source Files</Filter>
    </ClCompile>
    <ClCompile Include="game_state_editor.cpp">
      <Filter>Source Files</Filter>
    </ClCompile>
    <ClCompile Include="texture_manager.cpp">
      <Filter>Source Files</Filter>
    </ClCompile>
    <ClCompile Include="map.cpp">
      <Filter>Source Files</Filter>
    </ClCompile>
    <ClCompile Include="tinyxml2\tinyxml2.cpp">
      <Filter>Source Files\tinyxml2</Filter>
    </ClCompile>
    <ClCompile Include="imgui\imgui.cpp">
      <Filter>Source Files\imgui</Filter>
    </ClCompile>
    <ClCompile Include="imgui\imgui_draw.cpp">
      <Filter>Source Files\imgui</Filter>
    </ClCompile>
    <ClCompile Include="imgui\imgui_widgets.cpp">
      <Filter>Source Files\imgui</Filter>
    </ClCompile>
    <ClCompile Include="tmx_tileset_image.cpp">
      <Filter>Source Files\tmx</Filter>
    </ClCompile>
    <ClCompile Include="tmx_tileset.cpp">
      <Filter>Source Files\tmx</Filter>
    </ClCompile>
    <ClCompile Include="tmx_parser.cpp">
      <Filter>Source Files\tmx</Filter>
    </ClCompile>
    <ClCompile Include="tmx_map.cpp">
      <Filter>Source Files\tmx</Filter>
    </ClCompile>
    <ClCompile Include="tmx_layer.cpp">
      <Filter>Source Files\tmx</Filter>
    </ClCompile>
    <ClCompile Include="tmx_tile_layer.cpp">
      <Filter>Source Files\tmx</Filter>
    </ClCompile>
    <ClCompile Include="tmx_object.cpp">
      <Filter>Source Files\tmx</Filter>
    </ClCompile>
    <ClCompile Include="tmx_object_layer.cpp">
      <Filter>Source Files\tmx</Filter>
    </ClCompile>
    <ClCompile Include="tmx_object_property.cpp">
      <Filter>Source Files\tmx</Filter>
    </ClCompile>
    <ClCompile Include="map_layer.cpp">
      <Filter>Source Files</Filter>
    </ClCompile>
    <ClCompile Include="map_object_layer.cpp">
      <Filter>Source Files</Filter>
    </ClCompile>
    <ClCompile Include="map_tile_layer.cpp">
      <Filter>Source Files</Filter>
    </ClCompile>
    <ClCompile Include="map_object_property.cpp">
      <Filter>Source Files</Filter>
    </ClCompile>
    <ClCompile Include="map_object.cpp">
      <Filter>Source Files</Filter>
    </ClCompile>
    <ClCompile Include="entity_manager.cpp">
      <Filter>Source Files</Filter>
    </ClCompile>
    <ClCompile Include="player.cpp">
      <Filter>Source Files\entities</Filter>
    </ClCompile>
    <ClCompile Include="enemy.cpp">
      <Filter>Source Files\entities</Filter>
    </ClCompile>
    <ClCompile Include="entity.cpp">
      <Filter>Source Files\entities</Filter>
    </ClCompile>
    <ClCompile Include="move_action.hpp">
      <Filter>Header Files</Filter>
    </ClCompile>
    <ClCompile Include="eventbus\AsyncEventBus.cpp">
      <Filter>Source Files\eventbus</Filter>
    </ClCompile>
  </ItemGroup>
</Project>